
Microsoft Visual Studio Solution File, Format Version 12.00
# Visual Studio 15
VisualStudioVersion = 15.0.27130.2020
MinimumVisualStudioVersion = 10.0.40219.1
Project("{FAE04EC0-301F-11D3-BF4B-00C04F79EFBC}") = "CollisionTester.DesktopGL", "CollisionTester.DesktopGL\CollisionTester.DesktopGL.csproj", "{8AAFE2BE-6B6A-4838-BAE0-293FAB2429D1}"
EndProject
Project("{9A19103F-16F7-4668-BE54-9A1E7A4F7556}") = "Starry.Math", "Starry.Math\Starry.Math.csproj", "{17DA9411-B601-4803-BC47-238C2B59D0F7}"
EndProject
Project("{9A19103F-16F7-4668-BE54-9A1E7A4F7556}") = "SeparatingAxisCollision", "SeparatingAxisCollision\SeparatingAxisCollision.csproj", "{D8CA24D2-3060-4AD8-A967-FDC739A45D82}"
EndProject
Global
	GlobalSection(SolutionConfigurationPlatforms) = preSolution
		Debug|Any CPU = Debug|Any CPU
		Debug|x86 = Debug|x86
		Release|Any CPU = Release|Any CPU
		Release|x86 = Release|x86
	EndGlobalSection
	GlobalSection(ProjectConfigurationPlatforms) = postSolution
		{8AAFE2BE-6B6A-4838-BAE0-293FAB2429D1}.Debug|Any CPU.ActiveCfg = Debug|x86
		{8AAFE2BE-6B6A-4838-BAE0-293FAB2429D1}.Debug|x86.ActiveCfg = Debug|x86
		{8AAFE2BE-6B6A-4838-BAE0-293FAB2429D1}.Debug|x86.Build.0 = Debug|x86
		{8AAFE2BE-6B6A-4838-BAE0-293FAB2429D1}.Release|Any CPU.ActiveCfg = Release|x86
		{8AAFE2BE-6B6A-4838-BAE0-293FAB2429D1}.Release|x86.ActiveCfg = Release|x86
		{8AAFE2BE-6B6A-4838-BAE0-293FAB2429D1}.Release|x86.Build.0 = Release|x86
		{17DA9411-B601-4803-BC47-238C2B59D0F7}.Debug|Any CPU.ActiveCfg = Debug|Any CPU
		{17DA9411-B601-4803-BC47-238C2B59D0F7}.Debug|Any CPU.Build.0 = Debug|Any CPU
		{17DA9411-B601-4803-BC47-238C2B59D0F7}.Debug|x86.ActiveCfg = Debug|Any CPU
		{17DA9411-B601-4803-BC47-238C2B59D0F7}.Debug|x86.Build.0 = Debug|Any CPU
		{17DA9411-B601-4803-BC47-238C2B59D0F7}.Release|Any CPU.ActiveCfg = Release|Any CPU
		{17DA9411-B601-4803-BC47-238C2B59D0F7}.Release|Any CPU.Build.0 = Release|Any CPU
		{17DA9411-B601-4803-BC47-238C2B59D0F7}.Release|x86.ActiveCfg = Release|Any CPU
		{17DA9411-B601-4803-BC47-238C2B59D0F7}.Release|x86.Build.0 = Release|Any CPU
		{D8CA24D2-3060-4AD8-A967-FDC739A45D82}.Debug|Any CPU.ActiveCfg = Debug|Any CPU
		{D8CA24D2-3060-4AD8-A967-FDC739A45D82}.Debug|Any CPU.Build.0 = Debug|Any CPU
		{D8CA24D2-3060-4AD8-A967-FDC739A45D82}.Debug|x86.ActiveCfg = Debug|Any CPU
		{D8CA24D2-3060-4AD8-A967-FDC739A45D82}.Debug|x86.Build.0 = Debug|Any CPU
		{D8CA24D2-3060-4AD8-A967-FDC739A45D82}.Release|Any CPU.ActiveCfg = Release|Any CPU
		{D8CA24D2-3060-4AD8-A967-FDC739A45D82}.Release|Any CPU.Build.0 = Release|Any CPU
		{D8CA24D2-3060-4AD8-A967-FDC739A45D82}.Release|x86.ActiveCfg = Release|Any CPU
		{D8CA24D2-3060-4AD8-A967-FDC739A45D82}.Release|x86.Build.0 = Release|Any CPU
	EndGlobalSection
	GlobalSection(SolutionProperties) = preSolution
		HideSolutionNode = FALSE
	EndGlobalSection
	GlobalSection(ExtensibilityGlobals) = postSolution
		SolutionGuid = {5F1F7888-227B-451F-A4EB-6BCA7C787298}
	EndGlobalSection
EndGlobal
