
Microsoft Visual Studio Solution File, Format Version 12.00
# Visual Studio 15
VisualStudioVersion = 15.0.27004.2005
MinimumVisualStudioVersion = 10.0.40219.1
Project("{FAE04EC0-301F-11D3-BF4B-00C04F79EFBC}") = "SeparatingAxisCollision", "SeparatingAxisCollision\SeparatingAxisCollision.csproj", "{D06DAB18-A7BD-4DB1-BC6B-4465C305C91F}"
EndProject
Project("{2150E333-8FDC-42A3-9474-1A3956D46DE8}") = "Samples", "Samples", "{F24F0737-6B7C-4F68-940A-13338A89B9B6}"
EndProject
Project("{FAE04EC0-301F-11D3-BF4B-00C04F79EFBC}") = "CollisionTester.DesktopGL", "CollisionTester.DesktopGL\CollisionTester.DesktopGL.csproj", "{8AAFE2BE-6B6A-4838-BAE0-293FAB2429D1}"
EndProject
Global
	GlobalSection(SolutionConfigurationPlatforms) = preSolution
		Debug|Any CPU = Debug|Any CPU
		Debug|x86 = Debug|x86
		Release|Any CPU = Release|Any CPU
		Release|x86 = Release|x86
	EndGlobalSection
	GlobalSection(ProjectConfigurationPlatforms) = postSolution
		{D06DAB18-A7BD-4DB1-BC6B-4465C305C91F}.Debug|Any CPU.ActiveCfg = Debug|Any CPU
		{D06DAB18-A7BD-4DB1-BC6B-4465C305C91F}.Debug|Any CPU.Build.0 = Debug|Any CPU
		{D06DAB18-A7BD-4DB1-BC6B-4465C305C91F}.Debug|x86.ActiveCfg = Debug|Any CPU
		{D06DAB18-A7BD-4DB1-BC6B-4465C305C91F}.Debug|x86.Build.0 = Debug|Any CPU
		{D06DAB18-A7BD-4DB1-BC6B-4465C305C91F}.Release|Any CPU.ActiveCfg = Release|Any CPU
		{D06DAB18-A7BD-4DB1-BC6B-4465C305C91F}.Release|Any CPU.Build.0 = Release|Any CPU
		{D06DAB18-A7BD-4DB1-BC6B-4465C305C91F}.Release|x86.ActiveCfg = Release|Any CPU
		{D06DAB18-A7BD-4DB1-BC6B-4465C305C91F}.Release|x86.Build.0 = Release|Any CPU
		{8AAFE2BE-6B6A-4838-BAE0-293FAB2429D1}.Debug|Any CPU.ActiveCfg = Debug|Any CPU
		{8AAFE2BE-6B6A-4838-BAE0-293FAB2429D1}.Debug|Any CPU.Build.0 = Debug|Any CPU
		{8AAFE2BE-6B6A-4838-BAE0-293FAB2429D1}.Debug|x86.ActiveCfg = Debug|Any CPU
		{8AAFE2BE-6B6A-4838-BAE0-293FAB2429D1}.Debug|x86.Build.0 = Debug|Any CPU
		{8AAFE2BE-6B6A-4838-BAE0-293FAB2429D1}.Release|Any CPU.ActiveCfg = Release|Any CPU
		{8AAFE2BE-6B6A-4838-BAE0-293FAB2429D1}.Release|Any CPU.Build.0 = Release|Any CPU
		{8AAFE2BE-6B6A-4838-BAE0-293FAB2429D1}.Release|x86.ActiveCfg = Release|Any CPU
		{8AAFE2BE-6B6A-4838-BAE0-293FAB2429D1}.Release|x86.Build.0 = Release|Any CPU
	EndGlobalSection
	GlobalSection(SolutionProperties) = preSolution
		HideSolutionNode = FALSE
	EndGlobalSection
	GlobalSection(NestedProjects) = preSolution
		{8AAFE2BE-6B6A-4838-BAE0-293FAB2429D1} = {F24F0737-6B7C-4F68-940A-13338A89B9B6}
	EndGlobalSection
	GlobalSection(ExtensibilityGlobals) = postSolution
		SolutionGuid = {5F1F7888-227B-451F-A4EB-6BCA7C787298}
	EndGlobalSection
EndGlobal
